
Microsoft Visual Studio Solution File, Format Version 12.00
Project("{FAE04EC0-301F-11D3-BF4B-00C04F79EFBC}") = "Nave_Espacial", "Nave_Espacial\Nave_Espacial.csproj", "{FA675EBD-C7DD-46A3-B12E-C664363718B6}"
EndProject
Global
	GlobalSection(SolutionConfigurationPlatforms) = preSolution
		Debug|Any CPU = Debug|Any CPU
		Release|Any CPU = Release|Any CPU
	EndGlobalSection
	GlobalSection(ProjectConfigurationPlatforms) = postSolution
		{FA675EBD-C7DD-46A3-B12E-C664363718B6}.Debug|Any CPU.ActiveCfg = Debug|Any CPU
		{FA675EBD-C7DD-46A3-B12E-C664363718B6}.Debug|Any CPU.Build.0 = Debug|Any CPU
		{FA675EBD-C7DD-46A3-B12E-C664363718B6}.Release|Any CPU.ActiveCfg = Release|Any CPU
		{FA675EBD-C7DD-46A3-B12E-C664363718B6}.Release|Any CPU.Build.0 = Release|Any CPU
	EndGlobalSection
EndGlobal
